
Microsoft Visual Studio Solution File, Format Version 12.00
# Visual Studio Version 16
VisualStudioVersion = 16.0.29306.81
MinimumVisualStudioVersion = 10.0.40219.1
Project("{FAE04EC0-301F-11D3-BF4B-00C04F79EFBC}") = "ADFS", "ADFS.csproj", "{42969A2A-2A87-4063-A4DA-055C3CD095D5}"
EndProject
Global
	GlobalSection(SolutionConfigurationPlatforms) = preSolution
		Debug|Any CPU = Debug|Any CPU
		Release|Any CPU = Release|Any CPU
	EndGlobalSection
	GlobalSection(ProjectConfigurationPlatforms) = postSolution
		{42969A2A-2A87-4063-A4DA-055C3CD095D5}.Debug|Any CPU.ActiveCfg = Debug|Any CPU
		{42969A2A-2A87-4063-A4DA-055C3CD095D5}.Debug|Any CPU.Build.0 = Debug|Any CPU
		{42969A2A-2A87-4063-A4DA-055C3CD095D5}.Release|Any CPU.ActiveCfg = Release|Any CPU
		{42969A2A-2A87-4063-A4DA-055C3CD095D5}.Release|Any CPU.Build.0 = Release|Any CPU
	EndGlobalSection
	GlobalSection(SolutionProperties) = preSolution
		HideSolutionNode = FALSE
	EndGlobalSection
	GlobalSection(ExtensibilityGlobals) = postSolution
		SolutionGuid = {65F44E18-4127-4D67-94EE-9F9915318365}
	EndGlobalSection
EndGlobal
